
Microsoft Visual Studio Solution File, Format Version 12.00
# Visual Studio Version 17
VisualStudioVersion = 17.2.32616.157
MinimumVisualStudioVersion = 10.0.40219.1
Project("{FAE04EC0-301F-11D3-BF4B-00C04F79EFBC}") = "BancaOOP", "BancaOOP.csproj", "{95ED2AE4-130C-457C-ADBB-2D93F88521EF}"
EndProject
Global
	GlobalSection(SolutionConfigurationPlatforms) = preSolution
		Debug|Any CPU = Debug|Any CPU
		Release|Any CPU = Release|Any CPU
	EndGlobalSection
	GlobalSection(ProjectConfigurationPlatforms) = postSolution
		{95ED2AE4-130C-457C-ADBB-2D93F88521EF}.Debug|Any CPU.ActiveCfg = Debug|Any CPU
		{95ED2AE4-130C-457C-ADBB-2D93F88521EF}.Debug|Any CPU.Build.0 = Debug|Any CPU
		{95ED2AE4-130C-457C-ADBB-2D93F88521EF}.Release|Any CPU.ActiveCfg = Release|Any CPU
		{95ED2AE4-130C-457C-ADBB-2D93F88521EF}.Release|Any CPU.Build.0 = Release|Any CPU
	EndGlobalSection
	GlobalSection(SolutionProperties) = preSolution
		HideSolutionNode = FALSE
	EndGlobalSection
	GlobalSection(ExtensibilityGlobals) = postSolution
		SolutionGuid = {3915FD76-199C-4DF3-9B62-BBBD935A3C5F}
	EndGlobalSection
EndGlobal
